lockfileVersion: 5.4

importers:

  .:
    specifiers:
      prettier: ^2.8.1
      turbo: 1.4.7
      typescript: ^4.9.4
    devDependencies:
      prettier: 2.8.1
      turbo: 1.4.7
      typescript: 4.9.4

  apps/nextjs:
    specifiers:
      '@types/node': ^18.11.18
      '@types/react': ^18.0.26
      '@types/react-dom': ^18.0.10
      dotenv-cli: ^6.0.0
      next: ^13.1.1
      next-auth: ^4.18.7
      react: ^18.2.0
      react-dom: ^18.2.0
      zod: ^3.20.2
    dependencies:
      next: 13.1.1_biqbaboplfbrettd7655fr4n2y
      next-auth: 4.18.7_q76c2b4vyoegvsbrcwkfvimnai
      react: 18.2.0
      react-dom: 18.2.0_react@18.2.0
      zod: 3.20.2
    devDependencies:
      '@types/node': 18.11.18
      '@types/react': 18.0.26
      '@types/react-dom': 18.0.10
      dotenv-cli: 6.0.0

packages:

  /@babel/runtime/7.20.7:
    resolution: {integrity: sha512-UF0tvkUtxwAgZ5W/KrkHf0Rn0fdnLDU9ScxBrEVNUprE/MzirjK4MJUX1/BVDv00Sv8cljtukVK1aky++X1SjQ==}
    engines: {node: '>=6.9.0'}
    dependencies:
      regenerator-runtime: 0.13.11
    dev: false

  /@next/env/13.1.1:
    resolution: {integrity: sha512-vFMyXtPjSAiOXOywMojxfKIqE3VWN5RCAx+tT3AS3pcKjMLFTCJFUWsKv8hC+87Z1F4W3r68qTwDFZIFmd5Xkw==}
    dev: false

  /@next/swc-android-arm-eabi/13.1.1:
    resolution: {integrity: sha512-qnFCx1kT3JTWhWve4VkeWuZiyjG0b5T6J2iWuin74lORCupdrNukxkq9Pm+Z7PsatxuwVJMhjUoYz7H4cWzx2A==}
    engines: {node: '>= 10'}
    cpu: [arm]
    os: [android]
    requiresBuild: true
    dev: false
    optional: true

  /@next/swc-android-arm64/13.1.1:
    resolution: {integrity: sha512-eCiZhTzjySubNqUnNkQCjU3Fh+ep3C6b5DCM5FKzsTH/3Gr/4Y7EiaPZKILbvnXmhWtKPIdcY6Zjx51t4VeTfA==}
    engines: {node: '>= 10'}
    cpu: [arm64]
    os: [android]
    requiresBuild: true
    dev: false
    optional: true

  /@next/swc-darwin-arm64/13.1.1:
    resolution: {integrity: sha512-9zRJSSIwER5tu9ADDkPw5rIZ+Np44HTXpYMr0rkM656IvssowPxmhK0rTreC1gpUCYwFsRbxarUJnJsTWiutPg==}
    engines: {node: '>= 10'}
    cpu: [arm64]
    os: [darwin]
    requiresBuild: true
    dev: false
    optional: true

  /@next/swc-darwin-x64/13.1.1:
    resolution: {integrity: sha512-qWr9qEn5nrnlhB0rtjSdR00RRZEtxg4EGvicIipqZWEyayPxhUu6NwKiG8wZiYZCLfJ5KWr66PGSNeDMGlNaiA==}
    engines: {node: '>= 10'}
    cpu: [x64]
    os: [darwin]
    requiresBuild: true
    dev: false
    optional: true

  /@next/swc-freebsd-x64/13.1.1:
    resolution: {integrity: sha512-UwP4w/NcQ7V/VJEj3tGVszgb4pyUCt3lzJfUhjDMUmQbzG9LDvgiZgAGMYH6L21MoyAATJQPDGiAMWAPKsmumA==}
    engines: {node: '>= 10'}
    cpu: [x64]
    os: [freebsd]
    requiresBuild: true
    dev: false
    optional: true

  /@next/swc-linux-arm-gnueabihf/13.1.1:
    resolution: {integrity: sha512-CnsxmKHco9sosBs1XcvCXP845Db+Wx1G0qouV5+Gr+HT/ZlDYEWKoHVDgnJXLVEQzq4FmHddBNGbXvgqM1Gfkg==}
    engines: {node: '>= 10'}
    cpu: [arm]
    os: [linux]
    requiresBuild: true
    dev: false
    optional: true

  /@next/swc-linux-arm64-gnu/13.1.1:
    resolution: {integrity: sha512-JfDq1eri5Dif+VDpTkONRd083780nsMCOKoFG87wA0sa4xL8LGcXIBAkUGIC1uVy9SMsr2scA9CySLD/i+Oqiw==}
    engines: {node: '>= 10'}
    cpu: [arm64]
    os: [linux]
    requiresBuild: true
    dev: false
    optional: true

  /@next/swc-linux-arm64-musl/13.1.1:
    resolution: {integrity: sha512-GA67ZbDq2AW0CY07zzGt07M5b5Yaq5qUpFIoW3UFfjOPgb0Sqf3DAW7GtFMK1sF4ROHsRDMGQ9rnT0VM2dVfKA==}
    engines: {node: '>= 10'}
    cpu: [arm64]
    os: [linux]
    requiresBuild: true
    dev: false
    optional: true

  /@next/swc-linux-x64-gnu/13.1.1:
    resolution: {integrity: sha512-nnjuBrbzvqaOJaV+XgT8/+lmXrSCOt1YYZn/irbDb2fR2QprL6Q7WJNgwsZNxiLSfLdv+2RJGGegBx9sLBEzGA==}
    engines: {node: '>= 10'}
    cpu: [x64]
    os: [linux]
    requiresBuild: true
    dev: false
    optional: true

  /@next/swc-linux-x64-musl/13.1.1:
    resolution: {integrity: sha512-CM9xnAQNIZ8zf/igbIT/i3xWbQZYaF397H+JroF5VMOCUleElaMdQLL5riJml8wUfPoN3dtfn2s4peSr3azz/g==}
    engines: {node: '>= 10'}
    cpu: [x64]
    os: [linux]
    requiresBuild: true
    dev: false
    optional: true

  /@next/swc-win32-arm64-msvc/13.1.1:
    resolution: {integrity: sha512-pzUHOGrbgfGgPlOMx9xk3QdPJoRPU+om84hqVoe6u+E0RdwOG0Ho/2UxCgDqmvpUrMab1Deltlt6RqcXFpnigQ==}
    engines: {node: '>= 10'}
    cpu: [arm64]
    os: [win32]
    requiresBuild: true
    dev: false
    optional: true

  /@next/swc-win32-ia32-msvc/13.1.1:
    resolution: {integrity: sha512-WeX8kVS46aobM9a7Xr/kEPcrTyiwJqQv/tbw6nhJ4fH9xNZ+cEcyPoQkwPo570dCOLz3Zo9S2q0E6lJ/EAUOBg==}
    engines: {node: '>= 10'}
    cpu: [ia32]
    os: [win32]
    requiresBuild: true
    dev: false
    optional: true

  /@next/swc-win32-x64-msvc/13.1.1:
    resolution: {integrity: sha512-mVF0/3/5QAc5EGVnb8ll31nNvf3BWpPY4pBb84tk+BfQglWLqc5AC9q1Ht/YMWiEgs8ALNKEQ3GQnbY0bJF2Gg==}
    engines: {node: '>= 10'}
    cpu: [x64]
    os: [win32]
    requiresBuild: true
    dev: false
    optional: true

  /@panva/hkdf/1.0.2:
    resolution: {integrity: sha512-MSAs9t3Go7GUkMhpKC44T58DJ5KGk2vBo+h1cqQeqlMfdGkxaVB78ZWpv9gYi/g2fa4sopag9gJsNvS8XGgWJA==}
    dev: false

  /@swc/helpers/0.4.14:
    resolution: {integrity: sha512-4C7nX/dvpzB7za4Ql9K81xK3HPxCpHMgwTZVyf+9JQ6VUbn9jjZVN7/Nkdz/Ugzs2CSjqnL/UPXroiVBVHUWUw==}
    dependencies:
      tslib: 2.4.1
    dev: false

  /@types/node/18.11.18:
    resolution: {integrity: sha512-DHQpWGjyQKSHj3ebjFI/wRKcqQcdR+MoFBygntYOZytCqNfkd2ZC4ARDJ2DQqhjH5p85Nnd3jhUJIXrszFX/JA==}
    dev: true

  /@types/prop-types/15.7.5:
    resolution: {integrity: sha512-JCB8C6SnDoQf0cNycqd/35A7MjcnK+ZTqE7judS6o7utxUCg6imJg3QK2qzHKszlTjcj2cn+NwMB2i96ubpj7w==}
    dev: true

  /@types/react-dom/18.0.10:
    resolution: {integrity: sha512-E42GW/JA4Qv15wQdqJq8DL4JhNpB3prJgjgapN3qJT9K2zO5IIAQh4VXvCEDupoqAwnz0cY4RlXeC/ajX5SFHg==}
    dependencies:
      '@types/react': 18.0.26
    dev: true

  /@types/react/18.0.26:
    resolution: {integrity: sha512-hCR3PJQsAIXyxhTNSiDFY//LhnMZWpNNr5etoCqx/iUfGc5gXWtQR2Phl908jVR6uPXacojQWTg4qRpkxTuGug==}
    dependencies:
      '@types/prop-types': 15.7.5
      '@types/scheduler': 0.16.2
      csstype: 3.1.1
    dev: true

  /@types/scheduler/0.16.2:
    resolution: {integrity: sha512-hppQEBDmlwhFAXKJX2KnWLYu5yMfi91yazPb2l+lbJiwW+wdo1gNeRA+3RgNSO39WYX2euey41KEwnqesU2Jew==}
    dev: true

  /caniuse-lite/1.0.30001441:
    resolution: {integrity: sha512-OyxRR4Vof59I3yGWXws6i908EtGbMzVUi3ganaZQHmydk1iwDhRnvaPG2WaR0KcqrDFKrxVZHULT396LEPhXfg==}
    dev: false

  /client-only/0.0.1:
    resolution: {integrity: sha512-IV3Ou0jSMzZrd3pZ48nLkT9DA7Ag1pnPzaiQhpW7c3RbcqqzvzzVu+L8gfqMp/8IM2MQtSiqaCxrrcfu8I8rMA==}
    dev: false

  /cookie/0.5.0:
    resolution: {integrity: sha512-YZ3GUyn/o8gfKJlnlX7g7xq4gyO6OSuhGPKaaGssGB2qgDUS0gPgtTvoyZLTt9Ab6dC4hfc9dV5arkvc/OCmrw==}
    engines: {node: '>= 0.6'}
    dev: false

  /cross-spawn/7.0.3:
    resolution: {integrity: sha512-iRDPJKUPVEND7dHPO8rkbOnPpyDygcDFtWjpeWNCgy8WP2rXcxXL8TskReQl6OrB2G7+UJrags1q15Fudc7G6w==}
    engines: {node: '>= 8'}
    dependencies:
      path-key: 3.1.1
      shebang-command: 2.0.0
      which: 2.0.2
    dev: true

  /csstype/3.1.1:
    resolution: {integrity: sha512-DJR/VvkAvSZW9bTouZue2sSxDwdTN92uHjqeKVm+0dAqdfNykRzQ95tay8aXMBAAPpUiq4Qcug2L7neoRh2Egw==}
    dev: true

  /dotenv-cli/6.0.0:
    resolution: {integrity: sha512-qXlCOi3UMDhCWFKe0yq5sg3X+pJAz+RQDiFN38AMSbUrnY3uZshSfDJUAge951OS7J9gwLZGfsBlWRSOYz/TRg==}
    hasBin: true
    dependencies:
      cross-spawn: 7.0.3
      dotenv: 16.0.3
      dotenv-expand: 8.0.3
      minimist: 1.2.7
    dev: true

  /dotenv-expand/8.0.3:
    resolution: {integrity: sha512-SErOMvge0ZUyWd5B0NXMQlDkN+8r+HhVUsxgOO7IoPDOdDRD2JjExpN6y3KnFR66jsJMwSn1pqIivhU5rcJiNg==}
    engines: {node: '>=12'}
    dev: true

  /dotenv/16.0.3:
    resolution: {integrity: sha512-7GO6HghkA5fYG9TYnNxi14/7K9f5occMlp3zXAuSxn7CKCxt9xbNWG7yF8hTCSUchlfWSe3uLmlPfigevRItzQ==}
    engines: {node: '>=12'}
    dev: true

  /isexe/2.0.0:
    resolution: {integrity: sha512-RHxMLp9lnKHGHRng9QFhRCMbYAcVpn69smSGcq3f36xjgVVWThj4qqLbTLlq7Ssj8B+fIQ1EuCEGI2lKsyQeIw==}
    dev: true

  /jose/4.11.1:
    resolution: {integrity: sha512-YRv4Tk/Wlug8qicwqFNFVEZSdbROCHRAC6qu/i0dyNKr5JQdoa2pIGoS04lLO/jXQX7Z9omoNewYIVIxqZBd9Q==}
    dev: false

  /js-tokens/4.0.0:
    resolution: {integrity: sha512-RdJUflcE3cUzKiMqQgsCu06FPu9UdIJO0beYbPhHN4k6apgJtifcoCtT9bcxOpYBtpD2kCM6Sbzg4CausW/PKQ==}
    dev: false

  /loose-envify/1.4.0:
    resolution: {integrity: sha512-lyuxPGr/Wfhrlem2CL/UcnUc1zcqKAImBDzukY7Y5F/yQiNdko6+fRLevlw1HgMySw7f611UIY408EtxRSoK3Q==}
    hasBin: true
    dependencies:
      js-tokens: 4.0.0
    dev: false

  /lru-cache/6.0.0:
    resolution: {integrity: sha512-Jo6dJ04CmSjuznwJSS3pUeWmd/H0ffTlkXXgwZi+eq1UCmqQwCh+eLsYOYCwY991i2Fah4h1BEMCx4qThGbsiA==}
    engines: {node: '>=10'}
    dependencies:
      yallist: 4.0.0
    dev: false

  /minimist/1.2.7:
    resolution: {integrity: sha512-bzfL1YUZsP41gmu/qjrEk0Q6i2ix/cVeAhbCbqH9u3zYutS1cLg00qhrD0M2MVdCcx4Sc0UpP2eBWo9rotpq6g==}
    dev: true

  /nanoid/3.3.4:
    resolution: {integrity: sha512-MqBkQh/OHTS2egovRtLk45wEyNXwF+cokD+1YPf9u5VfJiRdAiRwB2froX5Co9Rh20xs4siNPm8naNotSD6RBw==}
    engines: {node: ^10 || ^12 || ^13.7 || ^14 || >=15.0.1}
    hasBin: true
    dev: false

  /next-auth/4.18.7_q76c2b4vyoegvsbrcwkfvimnai:
    resolution: {integrity: sha512-kR3s1JVPMaDuSAlFxcGyv7Ec3fdE6za71r1F77IOII5zJmW2wfkIA2xj223fM0D20ip2pzFpHfk/qN4L6l5XMA==}
    engines: {node: ^12.19.0 || ^14.15.0 || ^16.13.0 || ^18.12.0}
    peerDependencies:
      next: ^12.2.5 || ^13
      nodemailer: ^6.6.5
      react: ^17.0.2 || ^18
      react-dom: ^17.0.2 || ^18
    peerDependenciesMeta:
      nodemailer:
        optional: true
    dependencies:
      '@babel/runtime': 7.20.7
      '@panva/hkdf': 1.0.2
      cookie: 0.5.0
      jose: 4.11.1
      next: 13.1.1_biqbaboplfbrettd7655fr4n2y
      oauth: 0.9.15
      openid-client: 5.3.1
      preact: 10.11.3
      preact-render-to-string: 5.2.6_preact@10.11.3
      react: 18.2.0
      react-dom: 18.2.0_react@18.2.0
      uuid: 8.3.2
    dev: false

  /next/13.1.1_biqbaboplfbrettd7655fr4n2y:
    resolution: {integrity: sha512-R5eBAaIa3X7LJeYvv1bMdGnAVF4fVToEjim7MkflceFPuANY3YyvFxXee/A+acrSYwYPvOvf7f6v/BM/48ea5w==}
    engines: {node: '>=14.6.0'}
    hasBin: true
    peerDependencies:
      fibers: '>= 3.1.0'
      node-sass: ^6.0.0 || ^7.0.0
      react: ^18.2.0
      react-dom: ^18.2.0
      sass: ^1.3.0
    peerDependenciesMeta:
      fibers:
        optional: true
      node-sass:
        optional: true
      sass:
        optional: true
    dependencies:
      '@next/env': 13.1.1
      '@swc/helpers': 0.4.14
      caniuse-lite: 1.0.30001441
      postcss: 8.4.14
      react: 18.2.0
      react-dom: 18.2.0_react@18.2.0
      styled-jsx: 5.1.1_react@18.2.0
    optionalDependencies:
      '@next/swc-android-arm-eabi': 13.1.1
      '@next/swc-android-arm64': 13.1.1
      '@next/swc-darwin-arm64': 13.1.1
      '@next/swc-darwin-x64': 13.1.1
      '@next/swc-freebsd-x64': 13.1.1
      '@next/swc-linux-arm-gnueabihf': 13.1.1
      '@next/swc-linux-arm64-gnu': 13.1.1
      '@next/swc-linux-arm64-musl': 13.1.1
      '@next/swc-linux-x64-gnu': 13.1.1
      '@next/swc-linux-x64-musl': 13.1.1
      '@next/swc-win32-arm64-msvc': 13.1.1
      '@next/swc-win32-ia32-msvc': 13.1.1
      '@next/swc-win32-x64-msvc': 13.1.1
    transitivePeerDependencies:
      - '@babel/core'
      - babel-plugin-macros
    dev: false

  /oauth/0.9.15:
    resolution: {integrity: sha512-a5ERWK1kh38ExDEfoO6qUHJb32rd7aYmPHuyCu3Fta/cnICvYmgd2uhuKXvPD+PXB+gCEYYEaQdIRAjCOwAKNA==}
    dev: false

  /object-hash/2.2.0:
    resolution: {integrity: sha512-gScRMn0bS5fH+IuwyIFgnh9zBdo4DV+6GhygmWM9HyNJSgS0hScp1f5vjtm7oIIOiT9trXrShAkLFSc2IqKNgw==}
    engines: {node: '>= 6'}
    dev: false

  /oidc-token-hash/5.0.1:
    resolution: {integrity: sha512-EvoOtz6FIEBzE+9q253HsLCVRiK/0doEJ2HCvvqMQb3dHZrP3WlJKYtJ55CRTw4jmYomzH4wkPuCj/I3ZvpKxQ==}
    engines: {node: ^10.13.0 || >=12.0.0}
    dev: false

  /openid-client/5.3.1:
    resolution: {integrity: sha512-RLfehQiHch9N6tRWNx68cicf3b1WR0x74bJWHRc25uYIbSRwjxYcTFaRnzbbpls5jroLAaB/bFIodTgA5LJMvw==}
    dependencies:
      jose: 4.11.1
      lru-cache: 6.0.0
      object-hash: 2.2.0
      oidc-token-hash: 5.0.1
    dev: false

  /path-key/3.1.1:
    resolution: {integrity: sha512-ojmeN0qd+y0jszEtoY48r0Peq5dwMEkIlCOu6Q5f41lfkswXuKtYrhgoTpLnyIcHm24Uhqx+5Tqm2InSwLhE6Q==}
    engines: {node: '>=8'}
    dev: true

  /picocolors/1.0.0:
    resolution: {integrity: sha512-1fygroTLlHu66zi26VoTDv8yRgm0Fccecssto+MhsZ0D/DGW2sm8E8AjW7NU5VVTRt5GxbeZ5qBuJr+HyLYkjQ==}
    dev: false

  /postcss/8.4.14:
    resolution: {integrity: sha512-E398TUmfAYFPBSdzgeieK2Y1+1cpdxJx8yXbK/m57nRhKSmk1GB2tO4lbLBtlkfPQTDKfe4Xqv1ASWPpayPEig==}
    engines: {node: ^10 || ^12 || >=14}
    dependencies:
      nanoid: 3.3.4
      picocolors: 1.0.0
      source-map-js: 1.0.2
    dev: false

  /preact-render-to-string/5.2.6_preact@10.11.3:
    resolution: {integrity: sha512-JyhErpYOvBV1hEPwIxc/fHWXPfnEGdRKxc8gFdAZ7XV4tlzyzG847XAyEZqoDnynP88akM4eaHcSOzNcLWFguw==}
    peerDependencies:
      preact: '>=10'
    dependencies:
      preact: 10.11.3
      pretty-format: 3.8.0
    dev: false

  /preact/10.11.3:
    resolution: {integrity: sha512-eY93IVpod/zG3uMF22Unl8h9KkrcKIRs2EGar8hwLZZDU1lkjph303V9HZBwufh2s736U6VXuhD109LYqPoffg==}
    dev: false

  /prettier/2.8.1:
    resolution: {integrity: sha512-lqGoSJBQNJidqCHE80vqZJHWHRFoNYsSpP9AjFhlhi9ODCJA541svILes/+/1GM3VaL/abZi7cpFzOpdR9UPKg==}
    engines: {node: '>=10.13.0'}
    hasBin: true
    dev: true

  /pretty-format/3.8.0:
    resolution: {integrity: sha512-WuxUnVtlWL1OfZFQFuqvnvs6MiAGk9UNsBostyBOB0Is9wb5uRESevA6rnl/rkksXaGX3GzZhPup5d6Vp1nFew==}
    dev: false

  /react-dom/18.2.0_react@18.2.0:
    resolution: {integrity: sha512-6IMTriUmvsjHUjNtEDudZfuDQUoWXVxKHhlEGSk81n4YFS+r/Kl99wXiwlVXtPBtJenozv2P+hxDsw9eA7Xo6g==}
    peerDependencies:
      react: ^18.2.0
    dependencies:
      loose-envify: 1.4.0
      react: 18.2.0
      scheduler: 0.23.0
    dev: false

  /react/18.2.0:
    resolution: {integrity: sha512-/3IjMdb2L9QbBdWiW5e3P2/npwMBaU9mHCSCUzNln0ZCYbcfTsGbTJrU/kGemdH2IWmB2ioZ+zkxtmq6g09fGQ==}
    engines: {node: '>=0.10.0'}
    dependencies:
      loose-envify: 1.4.0
    dev: false

  /regenerator-runtime/0.13.11:
    resolution: {integrity: sha512-kY1AZVr2Ra+t+piVaJ4gxaFaReZVH40AKNo7UCX6W+dEwBo/2oZJzqfuN1qLq1oL45o56cPaTXELwrTh8Fpggg==}
    dev: false

  /scheduler/0.23.0:
    resolution: {integrity: sha512-CtuThmgHNg7zIZWAXi3AsyIzA3n4xx7aNyjwC2VJldO2LMVDhFK+63xGqq6CsJH4rTAt6/M+N4GhZiDYPx9eUw==}
    dependencies:
      loose-envify: 1.4.0
    dev: false

  /shebang-command/2.0.0:
    resolution: {integrity: sha512-kHxr2zZpYtdmrN1qDjrrX/Z1rR1kG8Dx+gkpK1G4eXmvXswmcE1hTWBWYUzlraYw1/yZp6YuDY77YtvbN0dmDA==}
    engines: {node: '>=8'}
    dependencies:
      shebang-regex: 3.0.0
    dev: true

  /shebang-regex/3.0.0:
    resolution: {integrity: sha512-7++dFhtcx3353uBaq8DDR4NuxBetBzC7ZQOhmTQInHEd6bSrXdiEyzCvG07Z44UYdLShWUyXt5M/yhz8ekcb1A==}
    engines: {node: '>=8'}
    dev: true

  /source-map-js/1.0.2:
    resolution: {integrity: sha512-R0XvVJ9WusLiqTCEiGCmICCMplcCkIwwR11mOSD9CR5u+IXYdiseeEuXCVAjS54zqwkLcPNnmU4OeJ6tUrWhDw==}
    engines: {node: '>=0.10.0'}
    dev: false

  /styled-jsx/5.1.1_react@18.2.0:
    resolution: {integrity: sha512-pW7uC1l4mBZ8ugbiZrcIsiIvVx1UmTfw7UkC3Um2tmfUq9Bhk8IiyEIPl6F8agHgjzku6j0xQEZbfA5uSgSaCw==}
    engines: {node: '>= 12.0.0'}
    peerDependencies:
      '@babel/core': '*'
      babel-plugin-macros: '*'
      react: '>= 16.8.0 || 17.x.x || ^18.0.0-0'
    peerDependenciesMeta:
      '@babel/core':
        optional: true
      babel-plugin-macros:
        optional: true
    dependencies:
      client-only: 0.0.1
      react: 18.2.0
    dev: false

  /tslib/2.4.1:
    resolution: {integrity: sha512-tGyy4dAjRIEwI7BzsB0lynWgOpfqjUdq91XXAlIWD2OwKBH7oCl/GZG/HT4BOHrTlPMOASlMQ7veyTqpmRcrNA==}
    dev: false

  /turbo-android-arm64/1.4.7:
    resolution: {integrity: sha512-BtWtH8e8w1GhtYpGQmkcDS/AUzVZhQ4ZZN+qtUFei1wZD7VAdtJ9Wcsfi3WD+mXA6vtpIpRJVfQMcShr8l8ErA==}
    cpu: [arm64]
    os: [android]
    requiresBuild: true
    dev: true
    optional: true

  /turbo-darwin-64/1.4.7:
    resolution: {integrity: sha512-bMvZaAz5diec9feZ0XpQosYI8U0kiOQM2tj2sv0Y2WZbe227wodVMCQMyUowmcotO8nr6NF76Xo5E+H+dnY6LQ==}
    cpu: [x64]
    os: [darwin]
    requiresBuild: true
    dev: true
    optional: true

  /turbo-darwin-arm64/1.4.7:
    resolution: {integrity: sha512-AyfxYfKgh1EigQKjypbnDoMLuy4e/n/go+KYiWKKIpOaWXWLBokrBWzYN/aI3NMDRUJWK5ExdlWI9Nleelq8uQ==}
    cpu: [arm64]
    os: [darwin]
    requiresBuild: true
    dev: true
    optional: true

  /turbo-freebsd-64/1.4.7:
    resolution: {integrity: sha512-T5/osfbCh0rL53MFS5byFFfsR3vPMHIKIJ4fMMCNkoHsmFj2R0Pv53nqhEItogt0FJwCDHPyt7oBqO83H/AWQQ==}
    cpu: [x64]
    os: [freebsd]
    requiresBuild: true
    dev: true
    optional: true

  /turbo-freebsd-arm64/1.4.7:
    resolution: {integrity: sha512-PL+SaO78AUCas+YKj01UiS2rpmGcxz8XPmLdFWmq6PYjPX6GL5UBAc3pkBphIm0aTLZtsikoEul+JrwAuAy6UA==}
    cpu: [arm64]
    os: [freebsd]
    requiresBuild: true
    dev: true
    optional: true

  /turbo-linux-32/1.4.7:
    resolution: {integrity: sha512-dK94UwDzySMALoQtjBVVPbWJZP6xw3yHGuytM3q5p4kfMZPSA+rgNBn5T5Af2Rc7jxlLAsu5ODJ0SgIbWSF5Hg==}
    cpu: [ia32]
    os: [linux]
    requiresBuild: true
    dev: true
    optional: true

  /turbo-linux-64/1.4.7:
    resolution: {integrity: sha512-F6IM23zgTYo9gYJaNp17gVvQBt0hMIvz52OF91DpPYSLpV2h9OSlzPJ3j5TGaWueS/bc/YCV23+VojXX/MauGQ==}
    cpu: [x64]
    os: [linux]
    requiresBuild: true
    dev: true
    optional: true

  /turbo-linux-arm/1.4.7:
    resolution: {integrity: sha512-FTh4itdMNZ7IxGKknFnQ6iPO9vGGKqyySkCYLR01lnw6BTnKL9KuM9XUCBRyn7dNmHhAnqu1ZtVsBkH7CE7DEw==}
    cpu: [arm]
    os: [linux]
    requiresBuild: true
    dev: true
    optional: true

  /turbo-linux-arm64/1.4.7:
    resolution: {integrity: sha512-kFe5jzj3FoY6jAEwyNEswndj1t/fPl0qyxfcQv6aNPz7Nb2Lh7mY/EEse+CG3ydIo5RZKba7ppQoBSDmHx7JsA==}
    cpu: [arm64]
    os: [linux]
    requiresBuild: true
    dev: true
    optional: true

  /turbo-linux-mips64le/1.4.7:
    resolution: {integrity: sha512-756nG8dnPQVcnl9s70S4NQ43aJjpsnc2h0toktPO+9u2ayv9XTbIPvZLFsS55bDeYhodDGvxoB96W6Xnx01hyQ==}
    cpu: [mipsel]
    os: [linux]
    requiresBuild: true
    dev: true
    optional: true

  /turbo-linux-ppc64le/1.4.7:
    resolution: {integrity: sha512-VS2ofGN/XsafNGJdZ21UguURHb7KRG879yWLj59hO1d+0xXXQbx7ljsmEPOhiE4UjEdx4Ur6P44BhztTgDx9Og==}
    cpu: [ppc64]
    os: [linux]
    requiresBuild: true
    dev: true
    optional: true

  /turbo-windows-32/1.4.7:
    resolution: {integrity: sha512-M5GkZdA0CbJAOcR8SScM63CBV+NtX7qjhoNNOl0F99nGJ+rO3dH71CcM/rbhlz9SQzKQoX8rcuwZHe4r2HZAug==}
    cpu: [ia32]
    os: [win32]
    requiresBuild: true
    dev: true
    optional: true

  /turbo-windows-64/1.4.7:
    resolution: {integrity: sha512-ftZUtZ1BX1vi8MbxKr+a7riIkhwvGnNTtWGprVu+aDJ8PnV+lNqbkrLJGvKP7Cn22hGTfzcjNNPcJ5PBZpQEQw==}
    cpu: [x64]
    os: [win32]
    requiresBuild: true
    dev: true
    optional: true

  /turbo-windows-arm64/1.4.7:
    resolution: {integrity: sha512-mZ79XeJFfaeVKdBV3w0eoGaqAxFnwxrme0jZtSWemAbeDSCF/13wcbLGwtq0+Lu0LxEGweeQ5AqsCIc9t9i6sA==}
    cpu: [arm64]
    os: [win32]
    requiresBuild: true
    dev: true
    optional: true

  /turbo/1.4.7:
    resolution: {integrity: sha512-oIk7PAISPidDOkTM5M+ydEe5GDQ/+TahDgIbaYKeAAy2Qpmur4s0HybSDWHIdxLqI96OPD/mOKymRLrjh3Mdhg==}
    hasBin: true
    requiresBuild: true
    optionalDependencies:
      turbo-android-arm64: 1.4.7
      turbo-darwin-64: 1.4.7
      turbo-darwin-arm64: 1.4.7
      turbo-freebsd-64: 1.4.7
      turbo-freebsd-arm64: 1.4.7
      turbo-linux-32: 1.4.7
      turbo-linux-64: 1.4.7
      turbo-linux-arm: 1.4.7
      turbo-linux-arm64: 1.4.7
      turbo-linux-mips64le: 1.4.7
      turbo-linux-ppc64le: 1.4.7
      turbo-windows-32: 1.4.7
      turbo-windows-64: 1.4.7
      turbo-windows-arm64: 1.4.7
    dev: true

  /typescript/4.9.4:
    resolution: {integrity: sha512-Uz+dTXYzxXXbsFpM86Wh3dKCxrQqUcVMxwU54orwlJjOpO3ao8L7j5lH+dWfTwgCwIuM9GQ2kvVotzYJMXTBZg==}
    engines: {node: '>=4.2.0'}
    hasBin: true
    dev: true

  /uuid/8.3.2:
    resolution: {integrity: sha512-+NYs2QeMWy+GWFOEm9xnn6HCDp0l7QBD7ml8zLUmJ+93Q5NF0NocErnwkTkXVFNiX3/fpC6afS8Dhb/gz7R7eg==}
    hasBin: true
    dev: false

  /which/2.0.2:
    resolution: {integrity: sha512-BLI3Tl1TW3Pvl70l3yq3Y64i+awpwXqsGBYWkkqMtnbXgrMD+yj7rhW0kuEDxzJaYXGjEW5ogapKNMEKNMjibA==}
    engines: {node: '>= 8'}
    hasBin: true
    dependencies:
      isexe: 2.0.0
    dev: true

  /yallist/4.0.0:
    resolution: {integrity: sha512-3wdGidZyq5PB084XLES5TpOSRA3wjXAlIWMhum2kRcv/41Sn2emQ0dycQW4uZXLejwKvg6EsvbdlVL+FYEct7A==}
    dev: false

  /zod/3.20.2:
    resolution: {integrity: sha512-1MzNQdAvO+54H+EaK5YpyEy0T+Ejo/7YLHS93G3RnYWh5gaotGHwGeN/ZO687qEDU2y4CdStQYXVHIgrUl5UVQ==}
    dev: false
